// !$*UTF8*$!
{
	archiveVersion = 1;
	classes = {
	};
	objectVersion = 55;
	objects = {

/* Begin PBXBuildFile section */
		E264A0FE28D3704C00E8540A /* AppDelegate.swift in Sources */ = {isa = PBXBuildFile; fileRef = E264A0FD28D3704C00E8540A /* AppDelegate.swift */; };
		E264A10028D3704C00E8540A /* SceneDelegate.swift in Sources */ = {isa = PBXBuildFile; fileRef = E264A0FF28D3704C00E8540A /* SceneDelegate.swift */; };
		E264A10228D3704C00E8540A /* GalaxyListsViewController.swift in Sources */ = {isa = PBXBuildFile; fileRef = E264A10128D3704C00E8540A /* GalaxyListsViewController.swift */; };
		E264A10528D3704C00E8540A /* Main.storyboard in Resources */ = {isa = PBXBuildFile; fileRef = E264A10328D3704C00E8540A /* Main.storyboard */; };
		E264A10A28D3707000E8540A /* Assets.xcassets in Resources */ = {isa = PBXBuildFile; fileRef = E264A10928D3707000E8540A /* Assets.xcassets */; };
		E264A10D28D3707000E8540A /* LaunchScreen.storyboard in Resources */ = {isa = PBXBuildFile; fileRef = E264A10B28D3707000E8540A /* LaunchScreen.storyboard */; };
		E264A11528D3736000E8540A /* GalaxyListsPresenter.swift in Sources */ = {isa = PBXBuildFile; fileRef = E264A11428D3736000E8540A /* GalaxyListsPresenter.swift */; };
		E264A11928D373B900E8540A /* DetailGalaxyViewController.swift in Sources */ = {isa = PBXBuildFile; fileRef = E264A11828D373B900E8540A /* DetailGalaxyViewController.swift */; };
		E264A11B28D3743F00E8540A /* DetailGalaxyPresenter.swift in Sources */ = {isa = PBXBuildFile; fileRef = E264A11A28D3743F00E8540A /* DetailGalaxyPresenter.swift */; };
		E264A11E28D3749100E8540A /* AddNewPlanetViewController.swift in Sources */ = {isa = PBXBuildFile; fileRef = E264A11D28D3749100E8540A /* AddNewPlanetViewController.swift */; };
		E264A12028D3765C00E8540A /* GalaxyData.swift in Sources */ = {isa = PBXBuildFile; fileRef = E264A11F28D3765C00E8540A /* GalaxyData.swift */; };
		E264A12228D37F2E00E8540A /* GalaxyTableViewCell.swift in Sources */ = {isa = PBXBuildFile; fileRef = E264A12128D37F2E00E8540A /* GalaxyTableViewCell.swift */; };
		E264A12428D3988E00E8540A /* AddNewPlanetPresenter.swift in Sources */ = {isa = PBXBuildFile; fileRef = E264A12328D3988E00E8540A /* AddNewPlanetPresenter.swift */; };
		E26E521B28D6E49500BD5327 /* DatabaseService.xcdatamodeld in Sources */ = {isa = PBXBuildFile; fileRef = E26E521928D6E49500BD5327 /* DatabaseService.xcdatamodeld */; };
		E26E525428D7A8FD00BD5327 /* DataManager.swift in Sources */ = {isa = PBXBuildFile; fileRef = E26E525328D7A8FC00BD5327 /* DataManager.swift */; };
		E29D8E5D28D87CAA00063FA0 /* GalaxyEntity+CoreDataClass.swift in Sources */ = {isa = PBXBuildFile; fileRef = E29D8E5B28D87CAA00063FA0 /* GalaxyEntity+CoreDataClass.swift */; };
		E29D8E5E28D87CAA00063FA0 /* GalaxyEntity+CoreDataProperties.swift in Sources */ = {isa = PBXBuildFile; fileRef = E29D8E5C28D87CAA00063FA0 /* GalaxyEntity+CoreDataProperties.swift */; };
		E29F59C128D62C0B00AD62F2 /* ChooseImagePicker.swift in Sources */ = {isa = PBXBuildFile; fileRef = E29F59C028D62C0B00AD62F2 /* ChooseImagePicker.swift */; };
/* End PBXBuildFile section */

/* Begin PBXFileReference section */
		E264A0FA28D3704C00E8540A /* Galaxy.app */ = {isa = PBXFileReference; explicitFileType = wrapper.application; includeInIndex = 0; path = Galaxy.app; sourceTree = BUILT_PRODUCTS_DIR; };
		E264A0FD28D3704C00E8540A /* AppDelegate.swift */ = {isa = PBXFileReference; lastKnownFileType = sourcecode.swift; path = AppDelegate.swift; sourceTree = "<group>"; };
		E264A0FF28D3704C00E8540A /* SceneDelegate.swift */ = {isa = PBXFileReference; lastKnownFileType = sourcecode.swift; path = SceneDelegate.swift; sourceTree = "<group>"; };
		E264A10128D3704C00E8540A /* GalaxyListsViewController.swift */ = {isa = PBXFileReference; lastKnownFileType = sourcecode.swift; path = GalaxyListsViewController.swift; sourceTree = "<group>"; };
		E264A10428D3704C00E8540A /* Base */ = {isa = PBXFileReference; lastKnownFileType = file.storyboard; name = Base; path = Base.lproj/Main.storyboard; sourceTree = "<group>"; };
		E264A10928D3707000E8540A /* Assets.xcassets */ = {isa = PBXFileReference; lastKnownFileType = folder.assetcatalog; path = Assets.xcassets; sourceTree = "<group>"; };
		E264A10C28D3707000E8540A /* Base */ = {isa = PBXFileReference; lastKnownFileType = file.storyboard; name = Base; path = Base.lproj/LaunchScreen.storyboard; sourceTree = "<group>"; };
		E264A10E28D3707000E8540A /* Info.plist */ = {isa = PBXFileReference; lastKnownFileType = text.plist.xml; path = Info.plist; sourceTree = "<group>"; };
		E264A11428D3736000E8540A /* GalaxyListsPresenter.swift */ = {isa = PBXFileReference; lastKnownFileType = sourcecode.swift; path = GalaxyListsPresenter.swift; sourceTree = "<group>"; };
		E264A11828D373B900E8540A /* DetailGalaxyViewController.swift */ = {isa = PBXFileReference; lastKnownFileType = sourcecode.swift; path = DetailGalaxyViewController.swift; sourceTree = "<group>"; };
		E264A11A28D3743F00E8540A /* DetailGalaxyPresenter.swift */ = {isa = PBXFileReference; lastKnownFileType = sourcecode.swift; path = DetailGalaxyPresenter.swift; sourceTree = "<group>"; };
		E264A11D28D3749100E8540A /* AddNewPlanetViewController.swift */ = {isa = PBXFileReference; lastKnownFileType = sourcecode.swift; path = AddNewPlanetViewController.swift; sourceTree = "<group>"; };
		E264A11F28D3765C00E8540A /* GalaxyData.swift */ = {isa = PBXFileReference; lastKnownFileType = sourcecode.swift; path = GalaxyData.swift; sourceTree = "<group>"; };
		E264A12128D37F2E00E8540A /* GalaxyTableViewCell.swift */ = {isa = PBXFileReference; lastKnownFileType = sourcecode.swift; path = GalaxyTableViewCell.swift; sourceTree = "<group>"; };
		E264A12328D3988E00E8540A /* AddNewPlanetPresenter.swift */ = {isa = PBXFileReference; lastKnownFileType = sourcecode.swift; path = AddNewPlanetPresenter.swift; sourceTree = "<group>"; };
		E26E521A28D6E49500BD5327 /* DatabaseService.xcdatamodel */ = {isa = PBXFileReference; lastKnownFileType = wrapper.xcdatamodel; path = DatabaseService.xcdatamodel; sourceTree = "<group>"; };
		E26E525328D7A8FC00BD5327 /* DataManager.swift */ = {isa = PBXFileReference; lastKnownFileType = sourcecode.swift; path = DataManager.swift; sourceTree = "<group>"; };
		E29D8E5B28D87CAA00063FA0 /* GalaxyEntity+CoreDataClass.swift */ = {isa = PBXFileReference; lastKnownFileType = sourcecode.swift; path = "GalaxyEntity+CoreDataClass.swift"; sourceTree = "<group>"; };
		E29D8E5C28D87CAA00063FA0 /* GalaxyEntity+CoreDataProperties.swift */ = {isa = PBXFileReference; lastKnownFileType = sourcecode.swift; path = "GalaxyEntity+CoreDataProperties.swift"; sourceTree = "<group>"; };
		E29F59C028D62C0B00AD62F2 /* ChooseImagePicker.swift */ = {isa = PBXFileReference; lastKnownFileType = sourcecode.swift; path = ChooseImagePicker.swift; sourceTree = "<group>"; };
/* End PBXFileReference section */

/* Begin PBXFrameworksBuildPhase section */
		E264A0F728D3704C00E8540A /* Frameworks */ = {
			isa = PBXFrameworksBuildPhase;
			buildActionMask = 2147483647;
			files = (
			);
			runOnlyForDeploymentPostprocessing = 0;
		};
/* End PBXFrameworksBuildPhase section */

/* Begin PBXGroup section */
		E264A0F128D3704C00E8540A = {
			isa = PBXGroup;
			children = (
				E29D8E5B28D87CAA00063FA0 /* GalaxyEntity+CoreDataClass.swift */,
				E29D8E5C28D87CAA00063FA0 /* GalaxyEntity+CoreDataProperties.swift */,
				E26E522728D6E8EF00BD5327 /* GalaxyService */,
				E264A0FC28D3704C00E8540A /* Galaxy */,
				E264A0FB28D3704C00E8540A /* Products */,
			);
			sourceTree = "<group>";
		};
		E264A0FB28D3704C00E8540A /* Products */ = {
			isa = PBXGroup;
			children = (
				E264A0FA28D3704C00E8540A /* Galaxy.app */,
			);
			name = Products;
			sourceTree = "<group>";
		};
		E264A0FC28D3704C00E8540A /* Galaxy */ = {
			isa = PBXGroup;
			children = (
				E264A11C28D3744C00E8540A /* AddNewPlanet */,
				E264A11728D3737F00E8540A /* DetailGalaxy */,
				E264A11628D3736B00E8540A /* GalaxyLists */,
				E264A0FD28D3704C00E8540A /* AppDelegate.swift */,
				E264A0FF28D3704C00E8540A /* SceneDelegate.swift */,
				E264A10328D3704C00E8540A /* Main.storyboard */,
				E264A10928D3707000E8540A /* Assets.xcassets */,
				E264A10B28D3707000E8540A /* LaunchScreen.storyboard */,
				E264A10E28D3707000E8540A /* Info.plist */,
				E264A11F28D3765C00E8540A /* GalaxyData.swift */,
				E26E521928D6E49500BD5327 /* DatabaseService.xcdatamodeld */,
			);
			path = Galaxy;
			sourceTree = "<group>";
		};
		E264A11628D3736B00E8540A /* GalaxyLists */ = {
			isa = PBXGroup;
			children = (
				E264A11428D3736000E8540A /* GalaxyListsPresenter.swift */,
				E29F59C028D62C0B00AD62F2 /* ChooseImagePicker.swift */,
				E264A10128D3704C00E8540A /* GalaxyListsViewController.swift */,
				E264A12128D37F2E00E8540A /* GalaxyTableViewCell.swift */,
			);
			path = GalaxyLists;
			sourceTree = "<group>";
		};
		E264A11728D3737F00E8540A /* DetailGalaxy */ = {
			isa = PBXGroup;
			children = (
				E264A11828D373B900E8540A /* DetailGalaxyViewController.swift */,
				E264A11A28D3743F00E8540A /* DetailGalaxyPresenter.swift */,
			);
			path = DetailGalaxy;
			sourceTree = "<group>";
		};
		E264A11C28D3744C00E8540A /* AddNewPlanet */ = {
			isa = PBXGroup;
			children = (
				E264A11D28D3749100E8540A /* AddNewPlanetViewController.swift */,
				E264A12328D3988E00E8540A /* AddNewPlanetPresenter.swift */,
			);
			path = AddNewPlanet;
			sourceTree = "<group>";
		};
		E26E522728D6E8EF00BD5327 /* GalaxyService */ = {
			isa = PBXGroup;
			children = (
				E26E525328D7A8FC00BD5327 /* DataManager.swift */,
			);
			path = GalaxyService;
			sourceTree = "<group>";
		};
/* End PBXGroup section */

/* Begin PBXNativeTarget section */
		E264A0F928D3704C00E8540A /* Galaxy */ = {
			isa = PBXNativeTarget;
			buildConfigurationList = E264A11128D3707000E8540A /* Build configuration list for PBXNativeTarget "Galaxy" */;
			buildPhases = (
				E264A0F628D3704C00E8540A /* Sources */,
				E264A0F728D3704C00E8540A /* Frameworks */,
				E264A0F828D3704C00E8540A /* Resources */,
			);
			buildRules = (
			);
			dependencies = (
			);
			name = Galaxy;
			productName = Galaxy;
			productReference = E264A0FA28D3704C00E8540A /* Galaxy.app */;
			productType = "com.apple.product-type.application";
		};
/* End PBXNativeTarget section */

/* Begin PBXProject section */
		E264A0F228D3704C00E8540A /* Project object */ = {
			isa = PBXProject;
			attributes = {
				BuildIndependentTargetsInParallel = 1;
				LastSwiftUpdateCheck = 1340;
				LastUpgradeCheck = 1340;
				TargetAttributes = {
					E264A0F928D3704C00E8540A = {
						CreatedOnToolsVersion = 13.4.1;
					};
				};
			};
			buildConfigurationList = E264A0F528D3704C00E8540A /* Build configuration list for PBXProject "Galaxy" */;
			compatibilityVersion = "Xcode 13.0";
			developmentRegion = en;
			hasScannedForEncodings = 0;
			knownRegions = (
				en,
				Base,
			);
			mainGroup = E264A0F128D3704C00E8540A;
			productRefGroup = E264A0FB28D3704C00E8540A /* Products */;
			projectDirPath = "";
			projectRoot = "";
			targets = (
				E264A0F928D3704C00E8540A /* Galaxy */,
			);
		};
/* End PBXProject section */

/* Begin PBXResourcesBuildPhase section */
		E264A0F828D3704C00E8540A /* Resources */ = {
			isa = PBXResourcesBuildPhase;
			buildActionMask = 2147483647;
			files = (
				E264A10D28D3707000E8540A /* LaunchScreen.storyboard in Resources */,
				E264A10A28D3707000E8540A /* Assets.xcassets in Resources */,
				E264A10528D3704C00E8540A /* Main.storyboard in Resources */,
			);
			runOnlyForDeploymentPostprocessing = 0;
		};
/* End PBXResourcesBuildPhase section */

/* Begin PBXSourcesBuildPhase section */
		E264A0F628D3704C00E8540A /* Sources */ = {
			isa = PBXSourcesBuildPhase;
			buildActionMask = 2147483647;
			files = (
				E264A11928D373B900E8540A /* DetailGalaxyViewController.swift in Sources */,
				E264A10228D3704C00E8540A /* GalaxyListsViewController.swift in Sources */,
				E264A12428D3988E00E8540A /* AddNewPlanetPresenter.swift in Sources */,
				E264A11E28D3749100E8540A /* AddNewPlanetViewController.swift in Sources */,
				E29F59C128D62C0B00AD62F2 /* ChooseImagePicker.swift in Sources */,
				E264A12228D37F2E00E8540A /* GalaxyTableViewCell.swift in Sources */,
				E264A12028D3765C00E8540A /* GalaxyData.swift in Sources */,
				E264A11528D3736000E8540A /* GalaxyListsPresenter.swift in Sources */,
				E26E521B28D6E49500BD5327 /* DatabaseService.xcdatamodeld in Sources */,
				E29D8E5E28D87CAA00063FA0 /* GalaxyEntity+CoreDataProperties.swift in Sources */,
				E264A11B28D3743F00E8540A /* DetailGalaxyPresenter.swift in Sources */,
				E264A0FE28D3704C00E8540A /* AppDelegate.swift in Sources */,
				E26E525428D7A8FD00BD5327 /* DataManager.swift in Sources */,
				E29D8E5D28D87CAA00063FA0 /* GalaxyEntity+CoreDataClass.swift in Sources */,
				E264A10028D3704C00E8540A /* SceneDelegate.swift in Sources */,
			);
			runOnlyForDeploymentPostprocessing = 0;
		};
/* End PBXSourcesBuildPhase section */

/* Begin PBXVariantGroup section */
		E264A10328D3704C00E8540A /* Main.storyboard */ = {
			isa = PBXVariantGroup;
			children = (
				E264A10428D3704C00E8540A /* Base */,
			);
			name = Main.storyboard;
			sourceTree = "<group>";
		};
		E264A10B28D3707000E8540A /* LaunchScreen.storyboard */ = {
			isa = PBXVariantGroup;
			children = (
				E264A10C28D3707000E8540A /* Base */,
			);
			name = LaunchScreen.storyboard;
			sourceTree = "<group>";
		};
/* End PBXVariantGroup section */

/* Begin XCBuildConfiguration section */
		E264A10F28D3707000E8540A /* Debug */ = {
			isa = XCBuildConfiguration;
			buildSettings = {
				ALWAYS_SEARCH_USER_PATHS = NO;
				CLANG_ANALYZER_NONNULL = YES;
				CLANG_ANALYZER_NUMBER_OBJECT_CONVERSION = YES_AGGRESSIVE;
				CLANG_CXX_LANGUAGE_STANDARD = "gnu++17";
				CLANG_ENABLE_MODULES = YES;
				CLANG_ENABLE_OBJC_ARC = YES;
				CLANG_ENABLE_OBJC_WEAK = YES;
				CLANG_WARN_BLOCK_CAPTURE_AUTORELEASING = YES;
				CLANG_WARN_BOOL_CONVERSION = YES;
				CLANG_WARN_COMMA = YES;
				CLANG_WARN_CONSTANT_CONVERSION = YES;
				CLANG_WARN_DEPRECATED_OBJC_IMPLEMENTATIONS = YES;
				CLANG_WARN_DIRECT_OBJC_ISA_USAGE = YES_ERROR;
				CLANG_WARN_DOCUMENTATION_COMMENTS = YES;
				CLANG_WARN_EMPTY_BODY = YES;
				CLANG_WARN_ENUM_CONVERSION = YES;
				CLANG_WARN_INFINITE_RECURSION = YES;
				CLANG_WARN_INT_CONVERSION = YES;
				CLANG_WARN_NON_LITERAL_NULL_CONVERSION = YES;
				CLANG_WARN_OBJC_IMPLICIT_RETAIN_SELF = YES;
				CLANG_WARN_OBJC_LITERAL_CONVERSION = YES;
				CLANG_WARN_OBJC_ROOT_CLASS = YES_ERROR;
				CLANG_WARN_QUOTED_INCLUDE_IN_FRAMEWORK_HEADER = YES;
				CLANG_WARN_RANGE_LOOP_ANALYSIS = YES;
				CLANG_WARN_STRICT_PROTOTYPES = YES;
				CLANG_WARN_SUSPICIOUS_MOVE = YES;
				CLANG_WARN_UNGUARDED_AVAILABILITY = YES_AGGRESSIVE;
				CLANG_WARN_UNREACHABLE_CODE = YES;
				CLANG_WARN__DUPLICATE_METHOD_MATCH = YES;
				COPY_PHASE_STRIP = NO;
				DEBUG_INFORMATION_FORMAT = dwarf;
				ENABLE_STRICT_OBJC_MSGSEND = YES;
				ENABLE_TESTABILITY = YES;
				GCC_C_LANGUAGE_STANDARD = gnu11;
				GCC_DYNAMIC_NO_PIC = NO;
				GCC_NO_COMMON_BLOCKS = YES;
				GCC_OPTIMIZATION_LEVEL = 0;
				GCC_PREPROCESSOR_DEFINITIONS = (
					"DEBUG=1",
					"$(inherited)",
				);
				GCC_WARN_64_TO_32_BIT_CONVERSION = YES;
				GCC_WARN_ABOUT_RETURN_TYPE = YES_ERROR;
				GCC_WARN_UNDECLARED_SELECTOR = YES;
				GCC_WARN_UNINITIALIZED_AUTOS = YES_AGGRESSIVE;
				GCC_WARN_UNUSED_FUNCTION = YES;
				GCC_WARN_UNUSED_VARIABLE = YES;
				IPHONEOS_DEPLOYMENT_TARGET = 15.5;
				MTL_ENABLE_DEBUG_INFO = INCLUDE_SOURCE;
				MTL_FAST_MATH = YES;
				ONLY_ACTIVE_ARCH = YES;
				SDKROOT = iphoneos;
				SWIFT_ACTIVE_COMPILATION_CONDITIONS = DEBUG;
				SWIFT_OPTIMIZATION_LEVEL = "-Onone";
			};
			name = Debug;
		};
		E264A11028D3707000E8540A /* Release */ = {
			isa = XCBuildConfiguration;
			buildSettings = {
				ALWAYS_SEARCH_USER_PATHS = NO;
				CLANG_ANALYZER_NONNULL = YES;
				CLANG_ANALYZER_NUMBER_OBJECT_CONVERSION = YES_AGGRESSIVE;
				CLANG_CXX_LANGUAGE_STANDARD = "gnu++17";
				CLANG_ENABLE_MODULES = YES;
				CLANG_ENABLE_OBJC_ARC = YES;
				CLANG_ENABLE_OBJC_WEAK = YES;
				CLANG_WARN_BLOCK_CAPTURE_AUTORELEASING = YES;
				CLANG_WARN_BOOL_CONVERSION = YES;
				CLANG_WARN_COMMA = YES;
				CLANG_WARN_CONSTANT_CONVERSION = YES;
				CLANG_WARN_DEPRECATED_OBJC_IMPLEMENTATIONS = YES;
				CLANG_WARN_DIRECT_OBJC_ISA_USAGE = YES_ERROR;
				CLANG_WARN_DOCUMENTATION_COMMENTS = YES;
				CLANG_WARN_EMPTY_BODY = YES;
				CLANG_WARN_ENUM_CONVERSION = YES;
				CLANG_WARN_INFINITE_RECURSION = YES;
				CLANG_WARN_INT_CONVERSION = YES;
				CLANG_WARN_NON_LITERAL_NULL_CONVERSION = YES;
				CLANG_WARN_OBJC_IMPLICIT_RETAIN_SELF = YES;
				CLANG_WARN_OBJC_LITERAL_CONVERSION = YES;
				CLANG_WARN_OBJC_ROOT_CLASS = YES_ERROR;
				CLANG_WARN_QUOTED_INCLUDE_IN_FRAMEWORK_HEADER = YES;
				CLANG_WARN_RANGE_LOOP_ANALYSIS = YES;
				CLANG_WARN_STRICT_PROTOTYPES = YES;
				CLANG_WARN_SUSPICIOUS_MOVE = YES;
				CLANG_WARN_UNGUARDED_AVAILABILITY = YES_AGGRESSIVE;
				CLANG_WARN_UNREACHABLE_CODE = YES;
				CLANG_WARN__DUPLICATE_METHOD_MATCH = YES;
				COPY_PHASE_STRIP = NO;
				DEBUG_INFORMATION_FORMAT = "dwarf-with-dsym";
				ENABLE_NS_ASSERTIONS = NO;
				ENABLE_STRICT_OBJC_MSGSEND = YES;
				GCC_C_LANGUAGE_STANDARD = gnu11;
				GCC_NO_COMMON_BLOCKS = YES;
				GCC_WARN_64_TO_32_BIT_CONVERSION = YES;
				GCC_WARN_ABOUT_RETURN_TYPE = YES_ERROR;
				GCC_WARN_UNDECLARED_SELECTOR = YES;
				GCC_WARN_UNINITIALIZED_AUTOS = YES_AGGRESSIVE;
				GCC_WARN_UNUSED_FUNCTION = YES;
				GCC_WARN_UNUSED_VARIABLE = YES;
				IPHONEOS_DEPLOYMENT_TARGET = 15.5;
				MTL_ENABLE_DEBUG_INFO = NO;
				MTL_FAST_MATH = YES;
				SDKROOT = iphoneos;
				SWIFT_COMPILATION_MODE = wholemodule;
				SWIFT_OPTIMIZATION_LEVEL = "-O";
				VALIDATE_PRODUCT = YES;
			};
			name = Release;
		};
		E264A11228D3707000E8540A /* Debug */ = {
			isa = XCBuildConfiguration;
			buildSettings = {
				ASSETCATALOG_COMPILER_APPICON_NAME = AppIcon;
				ASSETCATALOG_COMPILER_GLOBAL_ACCENT_COLOR_NAME = AccentColor;
				CODE_SIGN_STYLE = Automatic;
				CURRENT_PROJECT_VERSION = 1;
				DEVELOPMENT_TEAM = P4XWF3FX86;
				GENERATE_INFOPLIST_FILE = YES;
				INFOPLIST_FILE = Galaxy/Info.plist;
				INFOPLIST_KEY_UIApplicationSupportsIndirectInputEvents = YES;
				INFOPLIST_KEY_UILaunchStoryboardName = LaunchScreen;
				INFOPLIST_KEY_UIMainStoryboardFile = Main;
				INFOPLIST_KEY_UISupportedInterfaceOrientations_iPad = "UIInterfaceOrientationPortrait UIInterfaceOrientationPortraitUpsideDown UIInterfaceOrientationLandscapeLeft UIInterfaceOrientationLandscapeRight";
				INFOPLIST_KEY_UISupportedInterfaceOrientations_iPhone = "UIInterfaceOrientationPortrait UIInterfaceOrientationLandscapeLeft UIInterfaceOrientationLandscapeRight";
				IPHONEOS_DEPLOYMENT_TARGET = 13.5;
				LD_RUNPATH_SEARCH_PATHS = (
					"$(inherited)",
					"@executable_path/Frameworks",
				);
				MARKETING_VERSION = 1.0;
				PRODUCT_BUNDLE_IDENTIFIER = Hn.Galaxy;
				PRODUCT_NAME = "$(TARGET_NAME)";
				SWIFT_EMIT_LOC_STRINGS = YES;
				SWIFT_VERSION = 5.0;
				TARGETED_DEVICE_FAMILY = "1,2";
			};
			name = Debug;
		};
		E264A11328D3707000E8540A /* Release */ = {
			isa = XCBuildConfiguration;
			buildSettings = {
				ASSETCATALOG_COMPILER_APPICON_NAME = AppIcon;
				ASSETCATALOG_COMPILER_GLOBAL_ACCENT_COLOR_NAME = AccentColor;
				CODE_SIGN_STYLE = Automatic;
				CURRENT_PROJECT_VERSION = 1;
				DEVELOPMENT_TEAM = P4XWF3FX86;
				GENERATE_INFOPLIST_FILE = YES;
				INFOPLIST_FILE = Galaxy/Info.plist;
				INFOPLIST_KEY_UIApplicationSupportsIndirectInputEvents = YES;
				INFOPLIST_KEY_UILaunchStoryboardName = LaunchScreen;
				INFOPLIST_KEY_UIMainStoryboardFile = Main;
				INFOPLIST_KEY_UISupportedInterfaceOrientations_iPad = "UIInterfaceOrientationPortrait UIInterfaceOrientationPortraitUpsideDown UIInterfaceOrientationLandscapeLeft UIInterfaceOrientationLandscapeRight";
				INFOPLIST_KEY_UISupportedInterfaceOrientations_iPhone = "UIInterfaceOrientationPortrait UIInterfaceOrientationLandscapeLeft UIInterfaceOrientationLandscapeRight";
				IPHONEOS_DEPLOYMENT_TARGET = 13.5;
				LD_RUNPATH_SEARCH_PATHS = (
					"$(inherited)",
					"@executable_path/Frameworks",
				);
				MARKETING_VERSION = 1.0;
				PRODUCT_BUNDLE_IDENTIFIER = Hn.Galaxy;
				PRODUCT_NAME = "$(TARGET_NAME)";
				SWIFT_EMIT_LOC_STRINGS = YES;
				SWIFT_VERSION = 5.0;
				TARGETED_DEVICE_FAMILY = "1,2";
			};
			name = Release;
		};
/* End XCBuildConfiguration section */

/* Begin XCConfigurationList section */
		E264A0F528D3704C00E8540A /* Build configuration list for PBXProject "Galaxy" */ = {
			isa = XCConfigurationList;
			buildConfigurations = (
				E264A10F28D3707000E8540A /* Debug */,
				E264A11028D3707000E8540A /* Release */,
			);
			defaultConfigurationIsVisible = 0;
			defaultConfigurationName = Release;
		};
		E264A11128D3707000E8540A /* Build configuration list for PBXNativeTarget "Galaxy" */ = {
			isa = XCConfigurationList;
			buildConfigurations = (
				E264A11228D3707000E8540A /* Debug */,
				E264A11328D3707000E8540A /* Release */,
			);
			defaultConfigurationIsVisible = 0;
			defaultConfigurationName = Release;
		};
/* End XCConfigurationList section */

/* Begin XCVersionGroup section */
		E26E521928D6E49500BD5327 /* DatabaseService.xcdatamodeld */ = {
			isa = XCVersionGroup;
			children = (
				E26E521A28D6E49500BD5327 /* DatabaseService.xcdatamodel */,
			);
			currentVersion = E26E521A28D6E49500BD5327 /* DatabaseService.xcdatamodel */;
			path = DatabaseService.xcdatamodeld;
			sourceTree = "<group>";
			versionGroupType = wrapper.xcdatamodel;
		};
/* End XCVersionGroup section */
	};
	rootObject = E264A0F228D3704C00E8540A /* Project object */;
}
